
Microsoft Visual Studio Solution File, Format Version 12.00
Project("{FAE04EC0-301F-11D3-BF4B-00C04F79EFBC}") = "Task1", "Task1\Task1.csproj", "{1C6B5F25-770B-420A-A53F-B8B59E46EF4B}"
EndProject
Project("{FAE04EC0-301F-11D3-BF4B-00C04F79EFBC}") = "Task2", "Task2\Task2.csproj", "{194DE39F-DF9F-42B8-8571-0E1382BEA3D4}"
EndProject
Project("{FAE04EC0-301F-11D3-BF4B-00C04F79EFBC}") = "Task3", "Task3\Task3.csproj", "{D4C4DA1E-BAAC-4EFE-802B-BDB67DE30EF7}"
EndProject
Project("{FAE04EC0-301F-11D3-BF4B-00C04F79EFBC}") = "Task4", "Task4\Task4.csproj", "{790703CE-222E-4794-AFCD-6F6919FB442D}"
EndProject
Project("{FAE04EC0-301F-11D3-BF4B-00C04F79EFBC}") = "Task5", "Task5\Task5.csproj", "{71B693C3-9B29-44A3-BFCF-BFA1DD57052A}"
EndProject
Project("{FAE04EC0-301F-11D3-BF4B-00C04F79EFBC}") = "Task6", "Task6\Task6.csproj", "{811C1840-AC5B-4D38-9C98-20217540D92C}"
EndProject
Project("{FAE04EC0-301F-11D3-BF4B-00C04F79EFBC}") = "Task7", "Task7\Task7.csproj", "{442AAC2B-5E61-4B56-8D30-312C41E5C671}"
EndProject
Project("{FAE04EC0-301F-11D3-BF4B-00C04F79EFBC}") = "Task8", "Task8\Task8.csproj", "{C9EAD1C2-E1AB-454A-B71C-E883C3979E4D}"
EndProject
Project("{FAE04EC0-301F-11D3-BF4B-00C04F79EFBC}") = "Task9", "Task9\Task9.csproj", "{FF320AD9-13F3-4913-BEF8-C13DAC080685}"
EndProject
Project("{FAE04EC0-301F-11D3-BF4B-00C04F79EFBC}") = "Task10", "Task10\Task10.csproj", "{3D8AF375-5C61-461B-9F75-631309454EFF}"
EndProject
Global
	GlobalSection(SolutionConfigurationPlatforms) = preSolution
		Debug|Any CPU = Debug|Any CPU
		Release|Any CPU = Release|Any CPU
	EndGlobalSection
	GlobalSection(ProjectConfigurationPlatforms) = postSolution
		{1C6B5F25-770B-420A-A53F-B8B59E46EF4B}.Debug|Any CPU.ActiveCfg = Debug|Any CPU
		{1C6B5F25-770B-420A-A53F-B8B59E46EF4B}.Debug|Any CPU.Build.0 = Debug|Any CPU
		{1C6B5F25-770B-420A-A53F-B8B59E46EF4B}.Release|Any CPU.ActiveCfg = Release|Any CPU
		{1C6B5F25-770B-420A-A53F-B8B59E46EF4B}.Release|Any CPU.Build.0 = Release|Any CPU
		{194DE39F-DF9F-42B8-8571-0E1382BEA3D4}.Debug|Any CPU.ActiveCfg = Debug|Any CPU
		{194DE39F-DF9F-42B8-8571-0E1382BEA3D4}.Debug|Any CPU.Build.0 = Debug|Any CPU
		{194DE39F-DF9F-42B8-8571-0E1382BEA3D4}.Release|Any CPU.ActiveCfg = Release|Any CPU
		{194DE39F-DF9F-42B8-8571-0E1382BEA3D4}.Release|Any CPU.Build.0 = Release|Any CPU
		{D4C4DA1E-BAAC-4EFE-802B-BDB67DE30EF7}.Debug|Any CPU.ActiveCfg = Debug|Any CPU
		{D4C4DA1E-BAAC-4EFE-802B-BDB67DE30EF7}.Debug|Any CPU.Build.0 = Debug|Any CPU
		{D4C4DA1E-BAAC-4EFE-802B-BDB67DE30EF7}.Release|Any CPU.ActiveCfg = Release|Any CPU
		{D4C4DA1E-BAAC-4EFE-802B-BDB67DE30EF7}.Release|Any CPU.Build.0 = Release|Any CPU
		{790703CE-222E-4794-AFCD-6F6919FB442D}.Debug|Any CPU.ActiveCfg = Debug|Any CPU
		{790703CE-222E-4794-AFCD-6F6919FB442D}.Debug|Any CPU.Build.0 = Debug|Any CPU
		{790703CE-222E-4794-AFCD-6F6919FB442D}.Release|Any CPU.ActiveCfg = Release|Any CPU
		{790703CE-222E-4794-AFCD-6F6919FB442D}.Release|Any CPU.Build.0 = Release|Any CPU
		{71B693C3-9B29-44A3-BFCF-BFA1DD57052A}.Debug|Any CPU.ActiveCfg = Debug|Any CPU
		{71B693C3-9B29-44A3-BFCF-BFA1DD57052A}.Debug|Any CPU.Build.0 = Debug|Any CPU
		{71B693C3-9B29-44A3-BFCF-BFA1DD57052A}.Release|Any CPU.ActiveCfg = Release|Any CPU
		{71B693C3-9B29-44A3-BFCF-BFA1DD57052A}.Release|Any CPU.Build.0 = Release|Any CPU
		{811C1840-AC5B-4D38-9C98-20217540D92C}.Debug|Any CPU.ActiveCfg = Debug|Any CPU
		{811C1840-AC5B-4D38-9C98-20217540D92C}.Debug|Any CPU.Build.0 = Debug|Any CPU
		{811C1840-AC5B-4D38-9C98-20217540D92C}.Release|Any CPU.ActiveCfg = Release|Any CPU
		{811C1840-AC5B-4D38-9C98-20217540D92C}.Release|Any CPU.Build.0 = Release|Any CPU
		{442AAC2B-5E61-4B56-8D30-312C41E5C671}.Debug|Any CPU.ActiveCfg = Debug|Any CPU
		{442AAC2B-5E61-4B56-8D30-312C41E5C671}.Debug|Any CPU.Build.0 = Debug|Any CPU
		{442AAC2B-5E61-4B56-8D30-312C41E5C671}.Release|Any CPU.ActiveCfg = Release|Any CPU
		{442AAC2B-5E61-4B56-8D30-312C41E5C671}.Release|Any CPU.Build.0 = Release|Any CPU
		{C9EAD1C2-E1AB-454A-B71C-E883C3979E4D}.Debug|Any CPU.ActiveCfg = Debug|Any CPU
		{C9EAD1C2-E1AB-454A-B71C-E883C3979E4D}.Debug|Any CPU.Build.0 = Debug|Any CPU
		{C9EAD1C2-E1AB-454A-B71C-E883C3979E4D}.Release|Any CPU.ActiveCfg = Release|Any CPU
		{C9EAD1C2-E1AB-454A-B71C-E883C3979E4D}.Release|Any CPU.Build.0 = Release|Any CPU
		{FF320AD9-13F3-4913-BEF8-C13DAC080685}.Debug|Any CPU.ActiveCfg = Debug|Any CPU
		{FF320AD9-13F3-4913-BEF8-C13DAC080685}.Debug|Any CPU.Build.0 = Debug|Any CPU
		{FF320AD9-13F3-4913-BEF8-C13DAC080685}.Release|Any CPU.ActiveCfg = Release|Any CPU
		{FF320AD9-13F3-4913-BEF8-C13DAC080685}.Release|Any CPU.Build.0 = Release|Any CPU
		{3D8AF375-5C61-461B-9F75-631309454EFF}.Debug|Any CPU.ActiveCfg = Debug|Any CPU
		{3D8AF375-5C61-461B-9F75-631309454EFF}.Debug|Any CPU.Build.0 = Debug|Any CPU
		{3D8AF375-5C61-461B-9F75-631309454EFF}.Release|Any CPU.ActiveCfg = Release|Any CPU
		{3D8AF375-5C61-461B-9F75-631309454EFF}.Release|Any CPU.Build.0 = Release|Any CPU
	EndGlobalSection
EndGlobal
